
Microsoft Visual Studio Solution File, Format Version 12.00
# Visual Studio Version 17
VisualStudioVersion = 17.1.32414.318
MinimumVisualStudioVersion = 10.0.40219.1
Project("{9A19103F-16F7-4668-BE54-9A1E7A4F7556}") = "FitnessApp.BL", "CodeBlogFitness.BL\FitnessApp.BL.csproj", "{9B607836-4C1E-4B6C-93FD-F19C29DDAC5F}"
EndProject
Project("{9A19103F-16F7-4668-BE54-9A1E7A4F7556}") = "FitnessApp.CMD", "CodeBlogFitness.CMD\FitnessApp.CMD.csproj", "{19D4F711-DE1B-46A3-9A81-FD1831DCD27A}"
EndProject
Global
	GlobalSection(SolutionConfigurationPlatforms) = preSolution
		Debug|Any CPU = Debug|Any CPU
		Release|Any CPU = Release|Any CPU
	EndGlobalSection
	GlobalSection(ProjectConfigurationPlatforms) = postSolution
		{9B607836-4C1E-4B6C-93FD-F19C29DDAC5F}.Debug|Any CPU.ActiveCfg = Debug|Any CPU
		{9B607836-4C1E-4B6C-93FD-F19C29DDAC5F}.Debug|Any CPU.Build.0 = Debug|Any CPU
		{9B607836-4C1E-4B6C-93FD-F19C29DDAC5F}.Release|Any CPU.ActiveCfg = Release|Any CPU
		{9B607836-4C1E-4B6C-93FD-F19C29DDAC5F}.Release|Any CPU.Build.0 = Release|Any CPU
		{19D4F711-DE1B-46A3-9A81-FD1831DCD27A}.Debug|Any CPU.ActiveCfg = Debug|Any CPU
		{19D4F711-DE1B-46A3-9A81-FD1831DCD27A}.Debug|Any CPU.Build.0 = Debug|Any CPU
		{19D4F711-DE1B-46A3-9A81-FD1831DCD27A}.Release|Any CPU.ActiveCfg = Release|Any CPU
		{19D4F711-DE1B-46A3-9A81-FD1831DCD27A}.Release|Any CPU.Build.0 = Release|Any CPU
	EndGlobalSection
	GlobalSection(SolutionProperties) = preSolution
		HideSolutionNode = FALSE
	EndGlobalSection
	GlobalSection(ExtensibilityGlobals) = postSolution
		SolutionGuid = {36CA1114-CF8B-497C-9E1E-E8427D378594}
	EndGlobalSection
EndGlobal
